
Microsoft Visual Studio Solution File, Format Version 12.00
# Visual Studio 14
VisualStudioVersion = 14.0.25420.1
MinimumVisualStudioVersion = 10.0.40219.1
Project("{FAE04EC0-301F-11D3-BF4B-00C04F79EFBC}") = "ALC", "ALC\ALC.csproj", "{2880F0E5-3099-401F-9B6D-2F6B207CBCEB}"
EndProject
Global
	GlobalSection(SolutionConfigurationPlatforms) = preSolution
		Debug|Any CPU = Debug|Any CPU
		Release|Any CPU = Release|Any CPU
	EndGlobalSection
	GlobalSection(ProjectConfigurationPlatforms) = postSolution
		{2880F0E5-3099-401F-9B6D-2F6B207CBCEB}.Debug|Any CPU.ActiveCfg = Debug|Any CPU
		{2880F0E5-3099-401F-9B6D-2F6B207CBCEB}.Debug|Any CPU.Build.0 = Debug|Any CPU
		{2880F0E5-3099-401F-9B6D-2F6B207CBCEB}.Release|Any CPU.ActiveCfg = Release|Any CPU
		{2880F0E5-3099-401F-9B6D-2F6B207CBCEB}.Release|Any CPU.Build.0 = Release|Any CPU
	EndGlobalSection
	GlobalSection(SolutionProperties) = preSolution
		HideSolutionNode = FALSE
	EndGlobalSection
EndGlobal
